
Microsoft Visual Studio Solution File, Format Version 12.00
# Visual Studio Version 17
VisualStudioVersion = 17.9.34701.34
MinimumVisualStudioVersion = 10.0.40219.1
Project("{8BC9CEB8-8B4A-11D0-8D11-00A0C91BC942}") = "Practice", "Lab 4\Lab 4.vcxproj", "{33452317-D665-402E-AB3D-895657790A07}"
EndProject
Global
	GlobalSection(SolutionConfigurationPlatforms) = preSolution
		Debug|x64 = Debug|x64
		Debug|x86 = Debug|x86
		Release|x64 = Release|x64
		Release|x86 = Release|x86
	EndGlobalSection
	GlobalSection(ProjectConfigurationPlatforms) = postSolution
		{33452317-D665-402E-AB3D-895657790A07}.Debug|x64.ActiveCfg = Debug|x64
		{33452317-D665-402E-AB3D-895657790A07}.Debug|x64.Build.0 = Debug|x64
		{33452317-D665-402E-AB3D-895657790A07}.Debug|x86.ActiveCfg = Debug|Win32
		{33452317-D665-402E-AB3D-895657790A07}.Debug|x86.Build.0 = Debug|Win32
		{33452317-D665-402E-AB3D-895657790A07}.Release|x64.ActiveCfg = Release|x64
		{33452317-D665-402E-AB3D-895657790A07}.Release|x64.Build.0 = Release|x64
		{33452317-D665-402E-AB3D-895657790A07}.Release|x86.ActiveCfg = Release|Win32
		{33452317-D665-402E-AB3D-895657790A07}.Release|x86.Build.0 = Release|Win32
	EndGlobalSection
	GlobalSection(SolutionProperties) = preSolution
		HideSolutionNode = FALSE
	EndGlobalSection
	GlobalSection(ExtensibilityGlobals) = postSolution
		SolutionGuid = {DF8B017D-0ACA-460D-8D12-D3DA78EAE5EA}
	EndGlobalSection
EndGlobal
